// !$*UTF8*$!
{
	archiveVersion = 1;
	classes = {
	};
	objectVersion = 50;
	objects = {

/* Begin PBXBuildFile section */
		72A953FC25C852F400D49A36 /* AppDelegate.swift in Sources */ = {isa = PBXBuildFile; fileRef = 72A953FB25C852F400D49A36 /* AppDelegate.swift */; };
		72A953FE25C852F400D49A36 /* SceneDelegate.swift in Sources */ = {isa = PBXBuildFile; fileRef = 72A953FD25C852F400D49A36 /* SceneDelegate.swift */; };
		72A9540025C852F400D49A36 /* ViewController.swift in Sources */ = {isa = PBXBuildFile; fileRef = 72A953FF25C852F400D49A36 /* ViewController.swift */; };
		72A9540325C852F400D49A36 /* Main.storyboard in Resources */ = {isa = PBXBuildFile; fileRef = 72A9540125C852F400D49A36 /* Main.storyboard */; };
		72A9540525C852F600D49A36 /* Assets.xcassets in Resources */ = {isa = PBXBuildFile; fileRef = 72A9540425C852F600D49A36 /* Assets.xcassets */; };
		72A9540825C852F600D49A36 /* LaunchScreen.storyboard in Resources */ = {isa = PBXBuildFile; fileRef = 72A9540625C852F600D49A36 /* LaunchScreen.storyboard */; };
		72A9541325C852F600D49A36 /* KongGuyTests.swift in Sources */ = {isa = PBXBuildFile; fileRef = 72A9541225C852F600D49A36 /* KongGuyTests.swift */; };
		72A9541E25C852F600D49A36 /* KongGuyUITests.swift in Sources */ = {isa = PBXBuildFile; fileRef = 72A9541D25C852F600D49A36 /* KongGuyUITests.swift */; };
		72A9543025C85A5400D49A36 /* CustomTableViewCell.swift in Sources */ = {isa = PBXBuildFile; fileRef = 72A9542E25C85A5400D49A36 /* CustomTableViewCell.swift */; };
		72A9543125C85A5400D49A36 /* CustomTableViewCell.xib in Resources */ = {isa = PBXBuildFile; fileRef = 72A9542F25C85A5400D49A36 /* CustomTableViewCell.xib */; };
/* End PBXBuildFile section */

/* Begin PBXContainerItemProxy section */
		72A9540F25C852F600D49A36 /* PBXContainerItemProxy */ = {
			isa = PBXContainerItemProxy;
			containerPortal = 72A953F025C852F300D49A36 /* Project object */;
			proxyType = 1;
			remoteGlobalIDString = 72A953F725C852F400D49A36;
			remoteInfo = KongGuy;
		};
		72A9541A25C852F600D49A36 /* PBXContainerItemProxy */ = {
			isa = PBXContainerItemProxy;
			containerPortal = 72A953F025C852F300D49A36 /* Project object */;
			proxyType = 1;
			remoteGlobalIDString = 72A953F725C852F400D49A36;
			remoteInfo = KongGuy;
		};
/* End PBXContainerItemProxy section */

/* Begin PBXFileReference section */
		72A953F825C852F400D49A36 /* KongGuy.app */ = {isa = PBXFileReference; explicitFileType = wrapper.application; includeInIndex = 0; path = KongGuy.app; sourceTree = BUILT_PRODUCTS_DIR; };
		72A953FB25C852F400D49A36 /* AppDelegate.swift */ = {isa = PBXFileReference; lastKnownFileType = sourcecode.swift; path = AppDelegate.swift; sourceTree = "<group>"; };
		72A953FD25C852F400D49A36 /* SceneDelegate.swift */ = {isa = PBXFileReference; lastKnownFileType = sourcecode.swift; path = SceneDelegate.swift; sourceTree = "<group>"; };
		72A953FF25C852F400D49A36 /* ViewController.swift */ = {isa = PBXFileReference; lastKnownFileType = sourcecode.swift; path = ViewController.swift; sourceTree = "<group>"; };
		72A9540225C852F400D49A36 /* Base */ = {isa = PBXFileReference; lastKnownFileType = file.storyboard; name = Base; path = Base.lproj/Main.storyboard; sourceTree = "<group>"; };
		72A9540425C852F600D49A36 /* Assets.xcassets */ = {isa = PBXFileReference; lastKnownFileType = folder.assetcatalog; path = Assets.xcassets; sourceTree = "<group>"; };
		72A9540725C852F600D49A36 /* Base */ = {isa = PBXFileReference; lastKnownFileType = file.storyboard; name = Base; path = Base.lproj/LaunchScreen.storyboard; sourceTree = "<group>"; };
		72A9540925C852F600D49A36 /* Info.plist */ = {isa = PBXFileReference; lastKnownFileType = text.plist.xml; path = Info.plist; sourceTree = "<group>"; };
		72A9540E25C852F600D49A36 /* KongGuyTests.xctest */ = {isa = PBXFileReference; explicitFileType = wrapper.cfbundle; includeInIndex = 0; path = KongGuyTests.xctest; sourceTree = BUILT_PRODUCTS_DIR; };
		72A9541225C852F600D49A36 /* KongGuyTests.swift */ = {isa = PBXFileReference; lastKnownFileType = sourcecode.swift; path = KongGuyTests.swift; sourceTree = "<group>"; };
		72A9541425C852F600D49A36 /* Info.plist */ = {isa = PBXFileReference; lastKnownFileType = text.plist.xml; path = Info.plist; sourceTree = "<group>"; };
		72A9541925C852F600D49A36 /* KongGuyUITests.xctest */ = {isa = PBXFileReference; explicitFileType = wrapper.cfbundle; includeInIndex = 0; path = KongGuyUITests.xctest; sourceTree = BUILT_PRODUCTS_DIR; };
		72A9541D25C852F600D49A36 /* KongGuyUITests.swift */ = {isa = PBXFileReference; lastKnownFileType = sourcecode.swift; path = KongGuyUITests.swift; sourceTree = "<group>"; };
		72A9541F25C852F600D49A36 /* Info.plist */ = {isa = PBXFileReference; lastKnownFileType = text.plist.xml; path = Info.plist; sourceTree = "<group>"; };
		72A9542E25C85A5400D49A36 /* CustomTableViewCell.swift */ = {isa = PBXFileReference; lastKnownFileType = sourcecode.swift; path = CustomTableViewCell.swift; sourceTree = "<group>"; };
		72A9542F25C85A5400D49A36 /* CustomTableViewCell.xib */ = {isa = PBXFileReference; lastKnownFileType = file.xib; path = CustomTableViewCell.xib; sourceTree = "<group>"; };
/* End PBXFileReference section */

/* Begin PBXFrameworksBuildPhase section */
		72A953F525C852F400D49A36 /* Frameworks */ = {
			isa = PBXFrameworksBuildPhase;
			buildActionMask = 2147483647;
			files = (
			);
			runOnlyForDeploymentPostprocessing = 0;
		};
		72A9540B25C852F600D49A36 /* Frameworks */ = {
			isa = PBXFrameworksBuildPhase;
			buildActionMask = 2147483647;
			files = (
			);
			runOnlyForDeploymentPostprocessing = 0;
		};
		72A9541625C852F600D49A36 /* Frameworks */ = {
			isa = PBXFrameworksBuildPhase;
			buildActionMask = 2147483647;
			files = (
			);
			runOnlyForDeploymentPostprocessing = 0;
		};
/* End PBXFrameworksBuildPhase section */

/* Begin PBXGroup section */
		72A953EF25C852F300D49A36 = {
			isa = PBXGroup;
			children = (
				72A953FA25C852F400D49A36 /* KongGuy */,
				72A9541125C852F600D49A36 /* KongGuyTests */,
				72A9541C25C852F600D49A36 /* KongGuyUITests */,
				72A953F925C852F400D49A36 /* Products */,
			);
			sourceTree = "<group>";
		};
		72A953F925C852F400D49A36 /* Products */ = {
			isa = PBXGroup;
			children = (
				72A953F825C852F400D49A36 /* KongGuy.app */,
				72A9540E25C852F600D49A36 /* KongGuyTests.xctest */,
				72A9541925C852F600D49A36 /* KongGuyUITests.xctest */,
			);
			name = Products;
			sourceTree = "<group>";
		};
		72A953FA25C852F400D49A36 /* KongGuy */ = {
			isa = PBXGroup;
			children = (
				72A9542E25C85A5400D49A36 /* CustomTableViewCell.swift */,
				72A9542F25C85A5400D49A36 /* CustomTableViewCell.xib */,
				72A953FB25C852F400D49A36 /* AppDelegate.swift */,
				72A953FD25C852F400D49A36 /* SceneDelegate.swift */,
				72A953FF25C852F400D49A36 /* ViewController.swift */,
				72A9540125C852F400D49A36 /* Main.storyboard */,
				72A9540425C852F600D49A36 /* Assets.xcassets */,
				72A9540625C852F600D49A36 /* LaunchScreen.storyboard */,
				72A9540925C852F600D49A36 /* Info.plist */,
			);
			path = KongGuy;
			sourceTree = "<group>";
		};
		72A9541125C852F600D49A36 /* KongGuyTests */ = {
			isa = PBXGroup;
			children = (
				72A9541225C852F600D49A36 /* KongGuyTests.swift */,
				72A9541425C852F600D49A36 /* Info.plist */,
			);
			path = KongGuyTests;
			sourceTree = "<group>";
		};
		72A9541C25C852F600D49A36 /* KongGuyUITests */ = {
			isa = PBXGroup;
			children = (
				72A9541D25C852F600D49A36 /* KongGuyUITests.swift */,
				72A9541F25C852F600D49A36 /* Info.plist */,
			);
			path = KongGuyUITests;
			sourceTree = "<group>";
		};
/* End PBXGroup section */

/* Begin PBXNativeTarget section */
		72A953F725C852F400D49A36 /* KongGuy */ = {
			isa = PBXNativeTarget;
			buildConfigurationList = 72A9542225C852F600D49A36 /* Build configuration list for PBXNativeTarget "KongGuy" */;
			buildPhases = (
				72A953F425C852F400D49A36 /* Sources */,
				72A953F525C852F400D49A36 /* Frameworks */,
				72A953F625C852F400D49A36 /* Resources */,
			);
			buildRules = (
			);
			dependencies = (
			);
			name = KongGuy;
			productName = KongGuy;
			productReference = 72A953F825C852F400D49A36 /* KongGuy.app */;
			productType = "com.apple.product-type.application";
		};
		72A9540D25C852F600D49A36 /* KongGuyTests */ = {
			isa = PBXNativeTarget;
			buildConfigurationList = 72A9542525C852F600D49A36 /* Build configuration list for PBXNativeTarget "KongGuyTests" */;
			buildPhases = (
				72A9540A25C852F600D49A36 /* Sources */,
				72A9540B25C852F600D49A36 /* Frameworks */,
				72A9540C25C852F600D49A36 /* Resources */,
			);
			buildRules = (
			);
			dependencies = (
				72A9541025C852F600D49A36 /* PBXTargetDependency */,
			);
			name = KongGuyTests;
			productName = KongGuyTests;
			productReference = 72A9540E25C852F600D49A36 /* KongGuyTests.xctest */;
			productType = "com.apple.product-type.bundle.unit-test";
		};
		72A9541825C852F600D49A36 /* KongGuyUITests */ = {
			isa = PBXNativeTarget;
			buildConfigurationList = 72A9542825C852F600D49A36 /* Build configuration list for PBXNativeTarget "KongGuyUITests" */;
			buildPhases = (
				72A9541525C852F600D49A36 /* Sources */,
				72A9541625C852F600D49A36 /* Frameworks */,
				72A9541725C852F600D49A36 /* Resources */,
			);
			buildRules = (
			);
			dependencies = (
				72A9541B25C852F600D49A36 /* PBXTargetDependency */,
			);
			name = KongGuyUITests;
			productName = KongGuyUITests;
			productReference = 72A9541925C852F600D49A36 /* KongGuyUITests.xctest */;
			productType = "com.apple.product-type.bundle.ui-testing";
		};
/* End PBXNativeTarget section */

/* Begin PBXProject section */
		72A953F025C852F300D49A36 /* Project object */ = {
			isa = PBXProject;
			attributes = {
				LastSwiftUpdateCheck = 1220;
				LastUpgradeCheck = 1220;
				TargetAttributes = {
					72A953F725C852F400D49A36 = {
						CreatedOnToolsVersion = 12.2;
					};
					72A9540D25C852F600D49A36 = {
						CreatedOnToolsVersion = 12.2;
						TestTargetID = 72A953F725C852F400D49A36;
					};
					72A9541825C852F600D49A36 = {
						CreatedOnToolsVersion = 12.2;
						TestTargetID = 72A953F725C852F400D49A36;
					};
				};
			};
			buildConfigurationList = 72A953F325C852F300D49A36 /* Build configuration list for PBXProject "KongGuy" */;
			compatibilityVersion = "Xcode 9.3";
			developmentRegion = en;
			hasScannedForEncodings = 0;
			knownRegions = (
				en,
				Base,
			);
			mainGroup = 72A953EF25C852F300D49A36;
			productRefGroup = 72A953F925C852F400D49A36 /* Products */;
			projectDirPath = "";
			projectRoot = "";
			targets = (
				72A953F725C852F400D49A36 /* KongGuy */,
				72A9540D25C852F600D49A36 /* KongGuyTests */,
				72A9541825C852F600D49A36 /* KongGuyUITests */,
			);
		};
/* End PBXProject section */

/* Begin PBXResourcesBuildPhase section */
		72A953F625C852F400D49A36 /* Resources */ = {
			isa = PBXResourcesBuildPhase;
			buildActionMask = 2147483647;
			files = (
				72A9540825C852F600D49A36 /* LaunchScreen.storyboard in Resources */,
				72A9540525C852F600D49A36 /* Assets.xcassets in Resources */,
				72A9543125C85A5400D49A36 /* CustomTableViewCell.xib in Resources */,
				72A9540325C852F400D49A36 /* Main.storyboard in Resources */,
			);
			runOnlyForDeploymentPostprocessing = 0;
		};
		72A9540C25C852F600D49A36 /* Resources */ = {
			isa = PBXResourcesBuildPhase;
			buildActionMask = 2147483647;
			files = (
			);
			runOnlyForDeploymentPostprocessing = 0;
		};
		72A9541725C852F600D49A36 /* Resources */ = {
			isa = PBXResourcesBuildPhase;
			buildActionMask = 2147483647;
			files = (
			);
			runOnlyForDeploymentPostprocessing = 0;
		};
/* End PBXResourcesBuildPhase section */

/* Begin PBXSourcesBuildPhase section */
		72A953F425C852F400D49A36 /* Sources */ = {
			isa = PBXSourcesBuildPhase;
			buildActionMask = 2147483647;
			files = (
				72A9540025C852F400D49A36 /* ViewController.swift in Sources */,
				72A953FC25C852F400D49A36 /* AppDelegate.swift in Sources */,
				72A9543025C85A5400D49A36 /* CustomTableViewCell.swift in Sources */,
				72A953FE25C852F400D49A36 /* SceneDelegate.swift in Sources */,
			);
			runOnlyForDeploymentPostprocessing = 0;
		};
		72A9540A25C852F600D49A36 /* Sources */ = {
			isa = PBXSourcesBuildPhase;
			buildActionMask = 2147483647;
			files = (
				72A9541325C852F600D49A36 /* KongGuyTests.swift in Sources */,
			);
			runOnlyForDeploymentPostprocessing = 0;
		};
		72A9541525C852F600D49A36 /* Sources */ = {
			isa = PBXSourcesBuildPhase;
			buildActionMask = 2147483647;
			files = (
				72A9541E25C852F600D49A36 /* KongGuyUITests.swift in Sources */,
			);
			runOnlyForDeploymentPostprocessing = 0;
		};
/* End PBXSourcesBuildPhase section */

/* Begin PBXTargetDependency section */
		72A9541025C852F600D49A36 /* PBXTargetDependency */ = {
			isa = PBXTargetDependency;
			target = 72A953F725C852F400D49A36 /* KongGuy */;
			targetProxy = 72A9540F25C852F600D49A36 /* PBXContainerItemProxy */;
		};
		72A9541B25C852F600D49A36 /* PBXTargetDependency */ = {
			isa = PBXTargetDependency;
			target = 72A953F725C852F400D49A36 /* KongGuy */;
			targetProxy = 72A9541A25C852F600D49A36 /* PBXContainerItemProxy */;
		};
/* End PBXTargetDependency section */

/* Begin PBXVariantGroup section */
		72A9540125C852F400D49A36 /* Main.storyboard */ = {
			isa = PBXVariantGroup;
			children = (
				72A9540225C852F400D49A36 /* Base */,
			);
			name = Main.storyboard;
			sourceTree = "<group>";
		};
		72A9540625C852F600D49A36 /* LaunchScreen.storyboard */ = {
			isa = PBXVariantGroup;
			children = (
				72A9540725C852F600D49A36 /* Base */,
			);
			name = LaunchScreen.storyboard;
			sourceTree = "<group>";
		};
/* End PBXVariantGroup section */

/* Begin XCBuildConfiguration section */
		72A9542025C852F600D49A36 /* Debug */ = {
			isa = XCBuildConfiguration;
			buildSettings = {
				ALWAYS_SEARCH_USER_PATHS = NO;
				CLANG_ANALYZER_NONNULL = YES;
				CLANG_ANALYZER_NUMBER_OBJECT_CONVERSION = YES_AGGRESSIVE;
				CLANG_CXX_LANGUAGE_STANDARD = "gnu++14";
				CLANG_CXX_LIBRARY = "libc++";
				CLANG_ENABLE_MODULES = YES;
				CLANG_ENABLE_OBJC_ARC = YES;
				CLANG_ENABLE_OBJC_WEAK = YES;
				CLANG_WARN_BLOCK_CAPTURE_AUTORELEASING = YES;
				CLANG_WARN_BOOL_CONVERSION = YES;
				CLANG_WARN_COMMA = YES;
				CLANG_WARN_CONSTANT_CONVERSION = YES;
				CLANG_WARN_DEPRECATED_OBJC_IMPLEMENTATIONS = YES;
				CLANG_WARN_DIRECT_OBJC_ISA_USAGE = YES_ERROR;
				CLANG_WARN_DOCUMENTATION_COMMENTS = YES;
				CLANG_WARN_EMPTY_BODY = YES;
				CLANG_WARN_ENUM_CONVERSION = YES;
				CLANG_WARN_INFINITE_RECURSION = YES;
				CLANG_WARN_INT_CONVERSION = YES;
				CLANG_WARN_NON_LITERAL_NULL_CONVERSION = YES;
				CLANG_WARN_OBJC_IMPLICIT_RETAIN_SELF = YES;
				CLANG_WARN_OBJC_LITERAL_CONVERSION = YES;
				CLANG_WARN_OBJC_ROOT_CLASS = YES_ERROR;
				CLANG_WARN_QUOTED_INCLUDE_IN_FRAMEWORK_HEADER = YES;
				CLANG_WARN_RANGE_LOOP_ANALYSIS = YES;
				CLANG_WARN_STRICT_PROTOTYPES = YES;
				CLANG_WARN_SUSPICIOUS_MOVE = YES;
				CLANG_WARN_UNGUARDED_AVAILABILITY = YES_AGGRESSIVE;
				CLANG_WARN_UNREACHABLE_CODE = YES;
				CLANG_WARN__DUPLICATE_METHOD_MATCH = YES;
				COPY_PHASE_STRIP = NO;
				DEBUG_INFORMATION_FORMAT = dwarf;
				ENABLE_STRICT_OBJC_MSGSEND = YES;
				ENABLE_TESTABILITY = YES;
				GCC_C_LANGUAGE_STANDARD = gnu11;
				GCC_DYNAMIC_NO_PIC = NO;
				GCC_NO_COMMON_BLOCKS = YES;
				GCC_OPTIMIZATION_LEVEL = 0;
				GCC_PREPROCESSOR_DEFINITIONS = (
					"DEBUG=1",
					"$(inherited)",
				);
				GCC_WARN_64_TO_32_BIT_CONVERSION = YES;
				GCC_WARN_ABOUT_RETURN_TYPE = YES_ERROR;
				GCC_WARN_UNDECLARED_SELECTOR = YES;
				GCC_WARN_UNINITIALIZED_AUTOS = YES_AGGRESSIVE;
				GCC_WARN_UNUSED_FUNCTION = YES;
				GCC_WARN_UNUSED_VARIABLE = YES;
				IPHONEOS_DEPLOYMENT_TARGET = 14.2;
				MTL_ENABLE_DEBUG_INFO = INCLUDE_SOURCE;
				MTL_FAST_MATH = YES;
				ONLY_ACTIVE_ARCH = YES;
				SDKROOT = iphoneos;
				SWIFT_ACTIVE_COMPILATION_CONDITIONS = DEBUG;
				SWIFT_OPTIMIZATION_LEVEL = "-Onone";
			};
			name = Debug;
		};
		72A9542125C852F600D49A36 /* Release */ = {
			isa = XCBuildConfiguration;
			buildSettings = {
				ALWAYS_SEARCH_USER_PATHS = NO;
				CLANG_ANALYZER_NONNULL = YES;
				CLANG_ANALYZER_NUMBER_OBJECT_CONVERSION = YES_AGGRESSIVE;
				CLANG_CXX_LANGUAGE_STANDARD = "gnu++14";
				CLANG_CXX_LIBRARY = "libc++";
				CLANG_ENABLE_MODULES = YES;
				CLANG_ENABLE_OBJC_ARC = YES;
				CLANG_ENABLE_OBJC_WEAK = YES;
				CLANG_WARN_BLOCK_CAPTURE_AUTORELEASING = YES;
				CLANG_WARN_BOOL_CONVERSION = YES;
				CLANG_WARN_COMMA = YES;
				CLANG_WARN_CONSTANT_CONVERSION = YES;
				CLANG_WARN_DEPRECATED_OBJC_IMPLEMENTATIONS = YES;
				CLANG_WARN_DIRECT_OBJC_ISA_USAGE = YES_ERROR;
				CLANG_WARN_DOCUMENTATION_COMMENTS = YES;
				CLANG_WARN_EMPTY_BODY = YES;
				CLANG_WARN_ENUM_CONVERSION = YES;
				CLANG_WARN_INFINITE_RECURSION = YES;
				CLANG_WARN_INT_CONVERSION = YES;
				CLANG_WARN_NON_LITERAL_NULL_CONVERSION = YES;
				CLANG_WARN_OBJC_IMPLICIT_RETAIN_SELF = YES;
				CLANG_WARN_OBJC_LITERAL_CONVERSION = YES;
				CLANG_WARN_OBJC_ROOT_CLASS = YES_ERROR;
				CLANG_WARN_QUOTED_INCLUDE_IN_FRAMEWORK_HEADER = YES;
				CLANG_WARN_RANGE_LOOP_ANALYSIS = YES;
				CLANG_WARN_STRICT_PROTOTYPES = YES;
				CLANG_WARN_SUSPICIOUS_MOVE = YES;
				CLANG_WARN_UNGUARDED_AVAILABILITY = YES_AGGRESSIVE;
				CLANG_WARN_UNREACHABLE_CODE = YES;
				CLANG_WARN__DUPLICATE_METHOD_MATCH = YES;
				COPY_PHASE_STRIP = NO;
				DEBUG_INFORMATION_FORMAT = "dwarf-with-dsym";
				ENABLE_NS_ASSERTIONS = NO;
				ENABLE_STRICT_OBJC_MSGSEND = YES;
				GCC_C_LANGUAGE_STANDARD = gnu11;
				GCC_NO_COMMON_BLOCKS = YES;
				GCC_WARN_64_TO_32_BIT_CONVERSION = YES;
				GCC_WARN_ABOUT_RETURN_TYPE = YES_ERROR;
				GCC_WARN_UNDECLARED_SELECTOR = YES;
				GCC_WARN_UNINITIALIZED_AUTOS = YES_AGGRESSIVE;
				GCC_WARN_UNUSED_FUNCTION = YES;
				GCC_WARN_UNUSED_VARIABLE = YES;
				IPHONEOS_DEPLOYMENT_TARGET = 14.2;
				MTL_ENABLE_DEBUG_INFO = NO;
				MTL_FAST_MATH = YES;
				SDKROOT = iphoneos;
				SWIFT_COMPILATION_MODE = wholemodule;
				SWIFT_OPTIMIZATION_LEVEL = "-O";
				VALIDATE_PRODUCT = YES;
			};
			name = Release;
		};
		72A9542325C852F600D49A36 /* Debug */ = {
			isa = XCBuildConfiguration;
			buildSettings = {
				ASSETCATALOG_COMPILER_APPICON_NAME = AppIcon;
				ASSETCATALOG_COMPILER_GLOBAL_ACCENT_COLOR_NAME = AccentColor;
				CODE_SIGN_STYLE = Automatic;
				INFOPLIST_FILE = KongGuy/Info.plist;
				LD_RUNPATH_SEARCH_PATHS = (
					"$(inherited)",
					"@executable_path/Frameworks",
				);
				PRODUCT_BUNDLE_IDENTIFIER = com.minishade.KongGuy;
				PRODUCT_NAME = "$(TARGET_NAME)";
				SWIFT_VERSION = 5.0;
				TARGETED_DEVICE_FAMILY = "1,2";
			};
			name = Debug;
		};
		72A9542425C852F600D49A36 /* Release */ = {
			isa = XCBuildConfiguration;
			buildSettings = {
				ASSETCATALOG_COMPILER_APPICON_NAME = AppIcon;
				ASSETCATALOG_COMPILER_GLOBAL_ACCENT_COLOR_NAME = AccentColor;
				CODE_SIGN_STYLE = Automatic;
				INFOPLIST_FILE = KongGuy/Info.plist;
				LD_RUNPATH_SEARCH_PATHS = (
					"$(inherited)",
					"@executable_path/Frameworks",
				);
				PRODUCT_BUNDLE_IDENTIFIER = com.minishade.KongGuy;
				PRODUCT_NAME = "$(TARGET_NAME)";
				SWIFT_VERSION = 5.0;
				TARGETED_DEVICE_FAMILY = "1,2";
			};
			name = Release;
		};
		72A9542625C852F600D49A36 /* Debug */ = {
			isa = XCBuildConfiguration;
			buildSettings = {
				ALWAYS_EMBED_SWIFT_STANDARD_LIBRARIES = YES;
				BUNDLE_LOADER = "$(TEST_HOST)";
				CODE_SIGN_STYLE = Automatic;
				INFOPLIST_FILE = KongGuyTests/Info.plist;
				IPHONEOS_DEPLOYMENT_TARGET = 14.2;
				LD_RUNPATH_SEARCH_PATHS = (
					"$(inherited)",
					"@executable_path/Frameworks",
					"@loader_path/Frameworks",
				);
				PRODUCT_BUNDLE_IDENTIFIER = com.minishade.KongGuyTests;
				PRODUCT_NAME = "$(TARGET_NAME)";
				SWIFT_VERSION = 5.0;
				TARGETED_DEVICE_FAMILY = "1,2";
				TEST_HOST = "$(BUILT_PRODUCTS_DIR)/KongGuy.app/KongGuy";
			};
			name = Debug;
		};
		72A9542725C852F600D49A36 /* Release */ = {
			isa = XCBuildConfiguration;
			buildSettings = {
				ALWAYS_EMBED_SWIFT_STANDARD_LIBRARIES = YES;
				BUNDLE_LOADER = "$(TEST_HOST)";
				CODE_SIGN_STYLE = Automatic;
				INFOPLIST_FILE = KongGuyTests/Info.plist;
				IPHONEOS_DEPLOYMENT_TARGET = 14.2;
				LD_RUNPATH_SEARCH_PATHS = (
					"$(inherited)",
					"@executable_path/Frameworks",
					"@loader_path/Frameworks",
				);
				PRODUCT_BUNDLE_IDENTIFIER = com.minishade.KongGuyTests;
				PRODUCT_NAME = "$(TARGET_NAME)";
				SWIFT_VERSION = 5.0;
				TARGETED_DEVICE_FAMILY = "1,2";
				TEST_HOST = "$(BUILT_PRODUCTS_DIR)/KongGuy.app/KongGuy";
			};
			name = Release;
		};
		72A9542925C852F600D49A36 /* Debug */ = {
			isa = XCBuildConfiguration;
			buildSettings = {
				ALWAYS_EMBED_SWIFT_STANDARD_LIBRARIES = YES;
				CODE_SIGN_STYLE = Automatic;
				INFOPLIST_FILE = KongGuyUITests/Info.plist;
				LD_RUNPATH_SEARCH_PATHS = (
					"$(inherited)",
					"@executable_path/Frameworks",
					"@loader_path/Frameworks",
				);
				PRODUCT_BUNDLE_IDENTIFIER = com.minishade.KongGuyUITests;
				PRODUCT_NAME = "$(TARGET_NAME)";
				SWIFT_VERSION = 5.0;
				TARGETED_DEVICE_FAMILY = "1,2";
				TEST_TARGET_NAME = KongGuy;
			};
			name = Debug;
		};
		72A9542A25C852F600D49A36 /* Release */ = {
			isa = XCBuildConfiguration;
			buildSettings = {
				ALWAYS_EMBED_SWIFT_STANDARD_LIBRARIES = YES;
				CODE_SIGN_STYLE = Automatic;
				INFOPLIST_FILE = KongGuyUITests/Info.plist;
				LD_RUNPATH_SEARCH_PATHS = (
					"$(inherited)",
					"@executable_path/Frameworks",
					"@loader_path/Frameworks",
				);
				PRODUCT_BUNDLE_IDENTIFIER = com.minishade.KongGuyUITests;
				PRODUCT_NAME = "$(TARGET_NAME)";
				SWIFT_VERSION = 5.0;
				TARGETED_DEVICE_FAMILY = "1,2";
				TEST_TARGET_NAME = KongGuy;
			};
			name = Release;
		};
/* End XCBuildConfiguration section */

/* Begin XCConfigurationList section */
		72A953F325C852F300D49A36 /* Build configuration list for PBXProject "KongGuy" */ = {
			isa = XCConfigurationList;
			buildConfigurations = (
				72A9542025C852F600D49A36 /* Debug */,
				72A9542125C852F600D49A36 /* Release */,
			);
			defaultConfigurationIsVisible = 0;
			defaultConfigurationName = Release;
		};
		72A9542225C852F600D49A36 /* Build configuration list for PBXNativeTarget "KongGuy" */ = {
			isa = XCConfigurationList;
			buildConfigurations = (
				72A9542325C852F600D49A36 /* Debug */,
				72A9542425C852F600D49A36 /* Release */,
			);
			defaultConfigurationIsVisible = 0;
			defaultConfigurationName = Release;
		};
		72A9542525C852F600D49A36 /* Build configuration list for PBXNativeTarget "KongGuyTests" */ = {
			isa = XCConfigurationList;
			buildConfigurations = (
				72A9542625C852F600D49A36 /* Debug */,
				72A9542725C852F600D49A36 /* Release */,
			);
			defaultConfigurationIsVisible = 0;
			defaultConfigurationName = Release;
		};
		72A9542825C852F600D49A36 /* Build configuration list for PBXNativeTarget "KongGuyUITests" */ = {
			isa = XCConfigurationList;
			buildConfigurations = (
				72A9542925C852F600D49A36 /* Debug */,
				72A9542A25C852F600D49A36 /* Release */,
			);
			defaultConfigurationIsVisible = 0;
			defaultConfigurationName = Release;
		};
/* End XCConfigurationList section */
	};
	rootObject = 72A953F025C852F300D49A36 /* Project object */;
}
